
Microsoft Visual Studio Solution File, Format Version 12.00
# Visual Studio Version 17
VisualStudioVersion = 17.3.32922.545
MinimumVisualStudioVersion = 10.0.40219.1
Project("{FAE04EC0-301F-11D3-BF4B-00C04F79EFBC}") = "Connect_4_CTG", "Connect_4_CTG\Connect_4_CTG.csproj", "{C8D36B6B-786B-4EF1-A5A3-20F6F059BF62}"
EndProject
Global
	GlobalSection(SolutionConfigurationPlatforms) = preSolution
		Debug|Any CPU = Debug|Any CPU
		Release|Any CPU = Release|Any CPU
	EndGlobalSection
	GlobalSection(ProjectConfigurationPlatforms) = postSolution
		{C8D36B6B-786B-4EF1-A5A3-20F6F059BF62}.Debug|Any CPU.ActiveCfg = Debug|Any CPU
		{C8D36B6B-786B-4EF1-A5A3-20F6F059BF62}.Debug|Any CPU.Build.0 = Debug|Any CPU
		{C8D36B6B-786B-4EF1-A5A3-20F6F059BF62}.Release|Any CPU.ActiveCfg = Release|Any CPU
		{C8D36B6B-786B-4EF1-A5A3-20F6F059BF62}.Release|Any CPU.Build.0 = Release|Any CPU
	EndGlobalSection
	GlobalSection(SolutionProperties) = preSolution
		HideSolutionNode = FALSE
	EndGlobalSection
	GlobalSection(ExtensibilityGlobals) = postSolution
		SolutionGuid = {16ECBCC4-5EDC-43DB-8AC4-96842F88F699}
	EndGlobalSection
EndGlobal
